
Microsoft Visual Studio Solution File, Format Version 12.00
# Visual Studio Version 16
VisualStudioVersion = 16.0.34601.136
MinimumVisualStudioVersion = 10.0.40219.1
Project("{FAE04EC0-301F-11D3-BF4B-00C04F79EFBC}") = "SampleWinAppDB", "SampleWinAppDB\SampleWinAppDB.csproj", "{CE16A383-6126-4638-B3E9-93382CB095E6}"
EndProject
Global
	GlobalSection(SolutionConfigurationPlatforms) = preSolution
		Debug|Any CPU = Debug|Any CPU
		Release|Any CPU = Release|Any CPU
	EndGlobalSection
	GlobalSection(ProjectConfigurationPlatforms) = postSolution
		{CE16A383-6126-4638-B3E9-93382CB095E6}.Debug|Any CPU.ActiveCfg = Debug|Any CPU
		{CE16A383-6126-4638-B3E9-93382CB095E6}.Debug|Any CPU.Build.0 = Debug|Any CPU
		{CE16A383-6126-4638-B3E9-93382CB095E6}.Release|Any CPU.ActiveCfg = Release|Any CPU
		{CE16A383-6126-4638-B3E9-93382CB095E6}.Release|Any CPU.Build.0 = Release|Any CPU
	EndGlobalSection
	GlobalSection(SolutionProperties) = preSolution
		HideSolutionNode = FALSE
	EndGlobalSection
	GlobalSection(ExtensibilityGlobals) = postSolution
		SolutionGuid = {7455DECF-91C6-4B0A-BB82-3DB19E181CB8}
	EndGlobalSection
EndGlobal
